
Microsoft Visual Studio Solution File, Format Version 12.00
# Visual Studio Version 17
VisualStudioVersion = 17.2.32616.157
MinimumVisualStudioVersion = 10.0.40219.1
Project("{FAE04EC0-301F-11D3-BF4B-00C04F79EFBC}") = "MyWebApp", "MyWebApp\MyWebApp.csproj", "{29DAFC19-2092-4C12-BC07-30749D3764DE}"
EndProject
Global
	GlobalSection(SolutionConfigurationPlatforms) = preSolution
		Debug|Any CPU = Debug|Any CPU
		Release|Any CPU = Release|Any CPU
	EndGlobalSection
	GlobalSection(ProjectConfigurationPlatforms) = postSolution
		{29DAFC19-2092-4C12-BC07-30749D3764DE}.Debug|Any CPU.ActiveCfg = Debug|Any CPU
		{29DAFC19-2092-4C12-BC07-30749D3764DE}.Debug|Any CPU.Build.0 = Debug|Any CPU
		{29DAFC19-2092-4C12-BC07-30749D3764DE}.Release|Any CPU.ActiveCfg = Release|Any CPU
		{29DAFC19-2092-4C12-BC07-30749D3764DE}.Release|Any CPU.Build.0 = Release|Any CPU
	EndGlobalSection
	GlobalSection(SolutionProperties) = preSolution
		HideSolutionNode = FALSE
	EndGlobalSection
	GlobalSection(ExtensibilityGlobals) = postSolution
		SolutionGuid = {2ACD92C2-9E9E-47D2-8610-A39DD43E88A5}
	EndGlobalSection
EndGlobal
